
Microsoft Visual Studio Solution File, Format Version 12.00
# Visual Studio Version 16
VisualStudioVersion = 16.0.30406.217
MinimumVisualStudioVersion = 10.0.40219.1
Project("{9A19103F-16F7-4668-BE54-9A1E7A4F7556}") = "azCogSvc", "azCogSvc\azCogSvc.csproj", "{5C35189B-E566-45F6-AEDB-D6954B086438}"
EndProject
Project("{2150E333-8FDC-42A3-9474-1A3956D46DE8}") = "Workflows", "Workflows", "{63784B60-8424-418D-89D6-0694709543D4}"
	ProjectSection(SolutionItems) = preProject
		.github\workflows\codeql-analysis.yml = .github\workflows\codeql-analysis.yml
		.github\workflows\issues.yml = .github\workflows\issues.yml
		.github\workflows\release.yml = .github\workflows\release.yml
	EndProjectSection
EndProject
Global
	GlobalSection(SolutionConfigurationPlatforms) = preSolution
		Debug|Any CPU = Debug|Any CPU
		Release|Any CPU = Release|Any CPU
	EndGlobalSection
	GlobalSection(ProjectConfigurationPlatforms) = postSolution
		{5C35189B-E566-45F6-AEDB-D6954B086438}.Debug|Any CPU.ActiveCfg = Debug|Any CPU
		{5C35189B-E566-45F6-AEDB-D6954B086438}.Debug|Any CPU.Build.0 = Debug|Any CPU
		{5C35189B-E566-45F6-AEDB-D6954B086438}.Release|Any CPU.ActiveCfg = Release|Any CPU
		{5C35189B-E566-45F6-AEDB-D6954B086438}.Release|Any CPU.Build.0 = Release|Any CPU
	EndGlobalSection
	GlobalSection(SolutionProperties) = preSolution
		HideSolutionNode = FALSE
	EndGlobalSection
	GlobalSection(ExtensibilityGlobals) = postSolution
		SolutionGuid = {BD9ACAF4-1FF6-46C2-9352-3B07D8812F85}
	EndGlobalSection
EndGlobal
